// !$*UTF8*$!
{
	archiveVersion = 1;
	classes = {
	};
	objectVersion = 46;
	objects = {

/* Begin PBXBuildFile section */
		8A623CEF1AAEB4F7004ADCD9 /* main.m in Sources */ = {isa = PBXBuildFile; fileRef = 8A623CEE1AAEB4F7004ADCD9 /* main.m */; };
		8A623CF21AAEB4F7004ADCD9 /* AppDelegate.m in Sources */ = {isa = PBXBuildFile; fileRef = 8A623CF11AAEB4F7004ADCD9 /* AppDelegate.m */; };
		8A623CF51AAEB4F7004ADCD9 /* ViewController.m in Sources */ = {isa = PBXBuildFile; fileRef = 8A623CF41AAEB4F7004ADCD9 /* ViewController.m */; };
		8A623CF81AAEB4F7004ADCD9 /* Main.storyboard in Resources */ = {isa = PBXBuildFile; fileRef = 8A623CF61AAEB4F7004ADCD9 /* Main.storyboard */; };
		8A623CFA1AAEB4F7004ADCD9 /* Images.xcassets in Resources */ = {isa = PBXBuildFile; fileRef = 8A623CF91AAEB4F7004ADCD9 /* Images.xcassets */; };
		8A623CFD1AAEB4F7004ADCD9 /* LaunchScreen.xib in Resources */ = {isa = PBXBuildFile; fileRef = 8A623CFB1AAEB4F7004ADCD9 /* LaunchScreen.xib */; };
		8A623D091AAEB4F7004ADCD9 /* calculatorTests.m in Sources */ = {isa = PBXBuildFile; fileRef = 8A623D081AAEB4F7004ADCD9 /* calculatorTests.m */; };
		8A623D141AAEB861004ADCD9 /* calculator.m in Sources */ = {isa = PBXBuildFile; fileRef = 8A623D131AAEB861004ADCD9 /* calculator.m */; };
/* End PBXBuildFile section */

/* Begin PBXContainerItemProxy section */
		8A623D031AAEB4F7004ADCD9 /* PBXContainerItemProxy */ = {
			isa = PBXContainerItemProxy;
			containerPortal = 8A623CE11AAEB4F7004ADCD9 /* Project object */;
			proxyType = 1;
			remoteGlobalIDString = 8A623CE81AAEB4F7004ADCD9;
			remoteInfo = calculator;
		};
/* End PBXContainerItemProxy section */

/* Begin PBXFileReference section */
		8A623CE91AAEB4F7004ADCD9 /* calculator.app */ = {isa = PBXFileReference; explicitFileType = wrapper.application; includeInIndex = 0; path = calculator.app; sourceTree = BUILT_PRODUCTS_DIR; };
		8A623CED1AAEB4F7004ADCD9 /* Info.plist */ = {isa = PBXFileReference; lastKnownFileType = text.plist.xml; path = Info.plist; sourceTree = "<group>"; };
		8A623CEE1AAEB4F7004ADCD9 /* main.m */ = {isa = PBXFileReference; lastKnownFileType = sourcecode.c.objc; path = main.m; sourceTree = "<group>"; };
		8A623CF01AAEB4F7004ADCD9 /* AppDelegate.h */ = {isa = PBXFileReference; lastKnownFileType = sourcecode.c.h; path = AppDelegate.h; sourceTree = "<group>"; };
		8A623CF11AAEB4F7004ADCD9 /* AppDelegate.m */ = {isa = PBXFileReference; lastKnownFileType = sourcecode.c.objc; path = AppDelegate.m; sourceTree = "<group>"; };
		8A623CF31AAEB4F7004ADCD9 /* ViewController.h */ = {isa = PBXFileReference; lastKnownFileType = sourcecode.c.h; path = ViewController.h; sourceTree = "<group>"; };
		8A623CF41AAEB4F7004ADCD9 /* ViewController.m */ = {isa = PBXFileReference; lastKnownFileType = sourcecode.c.objc; path = ViewController.m; sourceTree = "<group>"; };
		8A623CF71AAEB4F7004ADCD9 /* Base */ = {isa = PBXFileReference; lastKnownFileType = file.storyboard; name = Base; path = Base.lproj/Main.storyboard; sourceTree = "<group>"; };
		8A623CF91AAEB4F7004ADCD9 /* Images.xcassets */ = {isa = PBXFileReference; lastKnownFileType = folder.assetcatalog; path = Images.xcassets; sourceTree = "<group>"; };
		8A623CFC1AAEB4F7004ADCD9 /* Base */ = {isa = PBXFileReference; lastKnownFileType = file.xib; name = Base; path = Base.lproj/LaunchScreen.xib; sourceTree = "<group>"; };
		8A623D021AAEB4F7004ADCD9 /* calculatorTests.xctest */ = {isa = PBXFileReference; explicitFileType = wrapper.cfbundle; includeInIndex = 0; path = calculatorTests.xctest; sourceTree = BUILT_PRODUCTS_DIR; };
		8A623D071AAEB4F7004ADCD9 /* Info.plist */ = {isa = PBXFileReference; lastKnownFileType = text.plist.xml; path = Info.plist; sourceTree = "<group>"; };
		8A623D081AAEB4F7004ADCD9 /* calculatorTests.m */ = {isa = PBXFileReference; lastKnownFileType = sourcecode.c.objc; path = calculatorTests.m; sourceTree = "<group>"; };
		8A623D121AAEB861004ADCD9 /* calculator.h */ = {isa = PBXFileReference; fileEncoding = 4; lastKnownFileType = sourcecode.c.h; path = calculator.h; sourceTree = "<group>"; };
		8A623D131AAEB861004ADCD9 /* calculator.m */ = {isa = PBXFileReference; fileEncoding = 4; lastKnownFileType = sourcecode.c.objc; path = calculator.m; sourceTree = "<group>"; };
/* End PBXFileReference section */

/* Begin PBXFrameworksBuildPhase section */
		8A623CE61AAEB4F7004ADCD9 /* Frameworks */ = {
			isa = PBXFrameworksBuildPhase;
			buildActionMask = 2147483647;
			files = (
			);
			runOnlyForDeploymentPostprocessing = 0;
		};
		8A623CFF1AAEB4F7004ADCD9 /* Frameworks */ = {
			isa = PBXFrameworksBuildPhase;
			buildActionMask = 2147483647;
			files = (
			);
			runOnlyForDeploymentPostprocessing = 0;
		};
/* End PBXFrameworksBuildPhase section */

/* Begin PBXGroup section */
		8A623CE01AAEB4F7004ADCD9 = {
			isa = PBXGroup;
			children = (
				8A623CEB1AAEB4F7004ADCD9 /* calculator */,
				8A623D051AAEB4F7004ADCD9 /* calculatorTests */,
				8A623CEA1AAEB4F7004ADCD9 /* Products */,
			);
			sourceTree = "<group>";
		};
		8A623CEA1AAEB4F7004ADCD9 /* Products */ = {
			isa = PBXGroup;
			children = (
				8A623CE91AAEB4F7004ADCD9 /* calculator.app */,
				8A623D021AAEB4F7004ADCD9 /* calculatorTests.xctest */,
			);
			name = Products;
			sourceTree = "<group>";
		};
		8A623CEB1AAEB4F7004ADCD9 /* calculator */ = {
			isa = PBXGroup;
			children = (
				8A623CF01AAEB4F7004ADCD9 /* AppDelegate.h */,
				8A623CF11AAEB4F7004ADCD9 /* AppDelegate.m */,
				8A623CF31AAEB4F7004ADCD9 /* ViewController.h */,
				8A623CF41AAEB4F7004ADCD9 /* ViewController.m */,
				8A623CF61AAEB4F7004ADCD9 /* Main.storyboard */,
				8A623CF91AAEB4F7004ADCD9 /* Images.xcassets */,
				8A623CFB1AAEB4F7004ADCD9 /* LaunchScreen.xib */,
				8A623CEC1AAEB4F7004ADCD9 /* Supporting Files */,
				8A623D121AAEB861004ADCD9 /* calculator.h */,
				8A623D131AAEB861004ADCD9 /* calculator.m */,
			);
			path = calculator;
			sourceTree = "<group>";
		};
		8A623CEC1AAEB4F7004ADCD9 /* Supporting Files */ = {
			isa = PBXGroup;
			children = (
				8A623CED1AAEB4F7004ADCD9 /* Info.plist */,
				8A623CEE1AAEB4F7004ADCD9 /* main.m */,
			);
			name = "Supporting Files";
			sourceTree = "<group>";
		};
		8A623D051AAEB4F7004ADCD9 /* calculatorTests */ = {
			isa = PBXGroup;
			children = (
				8A623D081AAEB4F7004ADCD9 /* calculatorTests.m */,
				8A623D061AAEB4F7004ADCD9 /* Supporting Files */,
			);
			path = calculatorTests;
			sourceTree = "<group>";
		};
		8A623D061AAEB4F7004ADCD9 /* Supporting Files */ = {
			isa = PBXGroup;
			children = (
				8A623D071AAEB4F7004ADCD9 /* Info.plist */,
			);
			name = "Supporting Files";
			sourceTree = "<group>";
		};
/* End PBXGroup section */

/* Begin PBXNativeTarget section */
		8A623CE81AAEB4F7004ADCD9 /* calculator */ = {
			isa = PBXNativeTarget;
			buildConfigurationList = 8A623D0C1AAEB4F7004ADCD9 /* Build configuration list for PBXNativeTarget "calculator" */;
			buildPhases = (
				8A623CE51AAEB4F7004ADCD9 /* Sources */,
				8A623CE61AAEB4F7004ADCD9 /* Frameworks */,
				8A623CE71AAEB4F7004ADCD9 /* Resources */,
			);
			buildRules = (
			);
			dependencies = (
			);
			name = calculator;
			productName = calculator;
			productReference = 8A623CE91AAEB4F7004ADCD9 /* calculator.app */;
			productType = "com.apple.product-type.application";
		};
		8A623D011AAEB4F7004ADCD9 /* calculatorTests */ = {
			isa = PBXNativeTarget;
			buildConfigurationList = 8A623D0F1AAEB4F7004ADCD9 /* Build configuration list for PBXNativeTarget "calculatorTests" */;
			buildPhases = (
				8A623CFE1AAEB4F7004ADCD9 /* Sources */,
				8A623CFF1AAEB4F7004ADCD9 /* Frameworks */,
				8A623D001AAEB4F7004ADCD9 /* Resources */,
			);
			buildRules = (
			);
			dependencies = (
				8A623D041AAEB4F7004ADCD9 /* PBXTargetDependency */,
			);
			name = calculatorTests;
			productName = calculatorTests;
			productReference = 8A623D021AAEB4F7004ADCD9 /* calculatorTests.xctest */;
			productType = "com.apple.product-type.bundle.unit-test";
		};
/* End PBXNativeTarget section */

/* Begin PBXProject section */
		8A623CE11AAEB4F7004ADCD9 /* Project object */ = {
			isa = PBXProject;
			attributes = {
				LastUpgradeCheck = 0610;
				ORGANIZATIONNAME = BigBadEgg;
				TargetAttributes = {
					8A623CE81AAEB4F7004ADCD9 = {
						CreatedOnToolsVersion = 6.1.1;
					};
					8A623D011AAEB4F7004ADCD9 = {
						CreatedOnToolsVersion = 6.1.1;
						TestTargetID = 8A623CE81AAEB4F7004ADCD9;
					};
				};
			};
			buildConfigurationList = 8A623CE41AAEB4F7004ADCD9 /* Build configuration list for PBXProject "calculator" */;
			compatibilityVersion = "Xcode 3.2";
			developmentRegion = English;
			hasScannedForEncodings = 0;
			knownRegions = (
				en,
				Base,
			);
			mainGroup = 8A623CE01AAEB4F7004ADCD9;
			productRefGroup = 8A623CEA1AAEB4F7004ADCD9 /* Products */;
			projectDirPath = "";
			projectRoot = "";
			targets = (
				8A623CE81AAEB4F7004ADCD9 /* calculator */,
				8A623D011AAEB4F7004ADCD9 /* calculatorTests */,
			);
		};
/* End PBXProject section */

/* Begin PBXResourcesBuildPhase section */
		8A623CE71AAEB4F7004ADCD9 /* Resources */ = {
			isa = PBXResourcesBuildPhase;
			buildActionMask = 2147483647;
			files = (
				8A623CF81AAEB4F7004ADCD9 /* Main.storyboard in Resources */,
				8A623CFD1AAEB4F7004ADCD9 /* LaunchScreen.xib in Resources */,
				8A623CFA1AAEB4F7004ADCD9 /* Images.xcassets in Resources */,
			);
			runOnlyForDeploymentPostprocessing = 0;
		};
		8A623D001AAEB4F7004ADCD9 /* Resources */ = {
			isa = PBXResourcesBuildPhase;
			buildActionMask = 2147483647;
			files = (
			);
			runOnlyForDeploymentPostprocessing = 0;
		};
/* End PBXResourcesBuildPhase section */

/* Begin PBXSourcesBuildPhase section */
		8A623CE51AAEB4F7004ADCD9 /* Sources */ = {
			isa = PBXSourcesBuildPhase;
			buildActionMask = 2147483647;
			files = (
				8A623CF51AAEB4F7004ADCD9 /* ViewController.m in Sources */,
				8A623D141AAEB861004ADCD9 /* calculator.m in Sources */,
				8A623CF21AAEB4F7004ADCD9 /* AppDelegate.m in Sources */,
				8A623CEF1AAEB4F7004ADCD9 /* main.m in Sources */,
			);
			runOnlyForDeploymentPostprocessing = 0;
		};
		8A623CFE1AAEB4F7004ADCD9 /* Sources */ = {
			isa = PBXSourcesBuildPhase;
			buildActionMask = 2147483647;
			files = (
				8A623D091AAEB4F7004ADCD9 /* calculatorTests.m in Sources */,
			);
			runOnlyForDeploymentPostprocessing = 0;
		};
/* End PBXSourcesBuildPhase section */

/* Begin PBXTargetDependency section */
		8A623D041AAEB4F7004ADCD9 /* PBXTargetDependency */ = {
			isa = PBXTargetDependency;
			target = 8A623CE81AAEB4F7004ADCD9 /* calculator */;
			targetProxy = 8A623D031AAEB4F7004ADCD9 /* PBXContainerItemProxy */;
		};
/* End PBXTargetDependency section */

/* Begin PBXVariantGroup section */
		8A623CF61AAEB4F7004ADCD9 /* Main.storyboard */ = {
			isa = PBXVariantGroup;
			children = (
				8A623CF71AAEB4F7004ADCD9 /* Base */,
			);
			name = Main.storyboard;
			sourceTree = "<group>";
		};
		8A623CFB1AAEB4F7004ADCD9 /* LaunchScreen.xib */ = {
			isa = PBXVariantGroup;
			children = (
				8A623CFC1AAEB4F7004ADCD9 /* Base */,
			);
			name = LaunchScreen.xib;
			sourceTree = "<group>";
		};
/* End PBXVariantGroup section */

/* Begin XCBuildConfiguration section */
		8A623D0A1AAEB4F7004ADCD9 /* Debug */ = {
			isa = XCBuildConfiguration;
			buildSettings = {
				ALWAYS_SEARCH_USER_PATHS = NO;
				CLANG_CXX_LANGUAGE_STANDARD = "gnu++0x";
				CLANG_CXX_LIBRARY = "libc++";
				CLANG_ENABLE_MODULES = YES;
				CLANG_ENABLE_OBJC_ARC = YES;
				CLANG_WARN_BOOL_CONVERSION = YES;
				CLANG_WARN_CONSTANT_CONVERSION = YES;
				CLANG_WARN_DIRECT_OBJC_ISA_USAGE = YES_ERROR;
				CLANG_WARN_EMPTY_BODY = YES;
				CLANG_WARN_ENUM_CONVERSION = YES;
				CLANG_WARN_INT_CONVERSION = YES;
				CLANG_WARN_OBJC_ROOT_CLASS = YES_ERROR;
				CLANG_WARN_UNREACHABLE_CODE = YES;
				CLANG_WARN__DUPLICATE_METHOD_MATCH = YES;
				"CODE_SIGN_IDENTITY[sdk=iphoneos*]" = "iPhone Developer";
				COPY_PHASE_STRIP = NO;
				ENABLE_STRICT_OBJC_MSGSEND = YES;
				GCC_C_LANGUAGE_STANDARD = gnu99;
				GCC_DYNAMIC_NO_PIC = NO;
				GCC_OPTIMIZATION_LEVEL = 0;
				GCC_PREPROCESSOR_DEFINITIONS = (
					"DEBUG=1",
					"$(inherited)",
				);
				GCC_SYMBOLS_PRIVATE_EXTERN = NO;
				GCC_WARN_64_TO_32_BIT_CONVERSION = YES;
				GCC_WARN_ABOUT_RETURN_TYPE = YES_ERROR;
				GCC_WARN_UNDECLARED_SELECTOR = YES;
				GCC_WARN_UNINITIALIZED_AUTOS = YES_AGGRESSIVE;
				GCC_WARN_UNUSED_FUNCTION = YES;
				GCC_WARN_UNUSED_VARIABLE = YES;
				IPHONEOS_DEPLOYMENT_TARGET = 8.1;
				MTL_ENABLE_DEBUG_INFO = YES;
				ONLY_ACTIVE_ARCH = YES;
				SDKROOT = iphoneos;
			};
			name = Debug;
		};
		8A623D0B1AAEB4F7004ADCD9 /* Release */ = {
			isa = XCBuildConfiguration;
			buildSettings = {
				ALWAYS_SEARCH_USER_PATHS = NO;
				CLANG_CXX_LANGUAGE_STANDARD = "gnu++0x";
				CLANG_CXX_LIBRARY = "libc++";
				CLANG_ENABLE_MODULES = YES;
				CLANG_ENABLE_OBJC_ARC = YES;
				CLANG_WARN_BOOL_CONVERSION = YES;
				CLANG_WARN_CONSTANT_CONVERSION = YES;
				CLANG_WARN_DIRECT_OBJC_ISA_USAGE = YES_ERROR;
				CLANG_WARN_EMPTY_BODY = YES;
				CLANG_WARN_ENUM_CONVERSION = YES;
				CLANG_WARN_INT_CONVERSION = YES;
				CLANG_WARN_OBJC_ROOT_CLASS = YES_ERROR;
				CLANG_WARN_UNREACHABLE_CODE = YES;
				CLANG_WARN__DUPLICATE_METHOD_MATCH = YES;
				"CODE_SIGN_IDENTITY[sdk=iphoneos*]" = "iPhone Developer";
				COPY_PHASE_STRIP = YES;
				ENABLE_NS_ASSERTIONS = NO;
				ENABLE_STRICT_OBJC_MSGSEND = YES;
				GCC_C_LANGUAGE_STANDARD = gnu99;
				GCC_WARN_64_TO_32_BIT_CONVERSION = YES;
				GCC_WARN_ABOUT_RETURN_TYPE = YES_ERROR;
				GCC_WARN_UNDECLARED_SELECTOR = YES;
				GCC_WARN_UNINITIALIZED_AUTOS = YES_AGGRESSIVE;
				GCC_WARN_UNUSED_FUNCTION = YES;
				GCC_WARN_UNUSED_VARIABLE = YES;
				IPHONEOS_DEPLOYMENT_TARGET = 8.1;
				MTL_ENABLE_DEBUG_INFO = NO;
				SDKROOT = iphoneos;
				VALIDATE_PRODUCT = YES;
			};
			name = Release;
		};
		8A623D0D1AAEB4F7004ADCD9 /* Debug */ = {
			isa = XCBuildConfiguration;
			buildSettings = {
				ASSETCATALOG_COMPILER_APPICON_NAME = AppIcon;
				INFOPLIST_FILE = calculator/Info.plist;
				LD_RUNPATH_SEARCH_PATHS = "$(inherited) @executable_path/Frameworks";
				PRODUCT_NAME = "$(TARGET_NAME)";
			};
			name = Debug;
		};
		8A623D0E1AAEB4F7004ADCD9 /* Release */ = {
			isa = XCBuildConfiguration;
			buildSettings = {
				ASSETCATALOG_COMPILER_APPICON_NAME = AppIcon;
				INFOPLIST_FILE = calculator/Info.plist;
				LD_RUNPATH_SEARCH_PATHS = "$(inherited) @executable_path/Frameworks";
				PRODUCT_NAME = "$(TARGET_NAME)";
			};
			name = Release;
		};
		8A623D101AAEB4F7004ADCD9 /* Debug */ = {
			isa = XCBuildConfiguration;
			buildSettings = {
				BUNDLE_LOADER = "$(TEST_HOST)";
				FRAMEWORK_SEARCH_PATHS = (
					"$(SDKROOT)/Developer/Library/Frameworks",
					"$(inherited)",
				);
				GCC_PREPROCESSOR_DEFINITIONS = (
					"DEBUG=1",
					"$(inherited)",
				);
				INFOPLIST_FILE = calculatorTests/Info.plist;
				LD_RUNPATH_SEARCH_PATHS = "$(inherited) @executable_path/Frameworks @loader_path/Frameworks";
				PRODUCT_NAME = "$(TARGET_NAME)";
				TEST_HOST = "$(BUILT_PRODUCTS_DIR)/calculator.app/calculator";
			};
			name = Debug;
		};
		8A623D111AAEB4F7004ADCD9 /* Release */ = {
			isa = XCBuildConfiguration;
			buildSettings = {
				BUNDLE_LOADER = "$(TEST_HOST)";
				FRAMEWORK_SEARCH_PATHS = (
					"$(SDKROOT)/Developer/Library/Frameworks",
					"$(inherited)",
				);
				INFOPLIST_FILE = calculatorTests/Info.plist;
				LD_RUNPATH_SEARCH_PATHS = "$(inherited) @executable_path/Frameworks @loader_path/Frameworks";
				PRODUCT_NAME = "$(TARGET_NAME)";
				TEST_HOST = "$(BUILT_PRODUCTS_DIR)/calculator.app/calculator";
			};
			name = Release;
		};
/* End XCBuildConfiguration section */

/* Begin XCConfigurationList section */
		8A623CE41AAEB4F7004ADCD9 /* Build configuration list for PBXProject "calculator" */ = {
			isa = XCConfigurationList;
			buildConfigurations = (
				8A623D0A1AAEB4F7004ADCD9 /* Debug */,
				8A623D0B1AAEB4F7004ADCD9 /* Release */,
			);
			defaultConfigurationIsVisible = 0;
			defaultConfigurationName = Release;
		};
		8A623D0C1AAEB4F7004ADCD9 /* Build configuration list for PBXNativeTarget "calculator" */ = {
			isa = XCConfigurationList;
			buildConfigurations = (
				8A623D0D1AAEB4F7004ADCD9 /* Debug */,
				8A623D0E1AAEB4F7004ADCD9 /* Release */,
			);
			defaultConfigurationIsVisible = 0;
		};
		8A623D0F1AAEB4F7004ADCD9 /* Build configuration list for PBXNativeTarget "calculatorTests" */ = {
			isa = XCConfigurationList;
			buildConfigurations = (
				8A623D101AAEB4F7004ADCD9 /* Debug */,
				8A623D111AAEB4F7004ADCD9 /* Release */,
			);
			defaultConfigurationIsVisible = 0;
		};
/* End XCConfigurationList section */
	};
	rootObject = 8A623CE11AAEB4F7004ADCD9 /* Project object */;
}
